// !$*UTF8*$!
{
	archiveVersion = 1;
	classes = {
	};
	objectVersion = 50;
	objects = {

/* Begin PBXBuildFile section */
		87C544A126C3125A00B2DB81 /* AppDelegate.swift in Sources */ = {isa = PBXBuildFile; fileRef = 87C544A026C3125A00B2DB81 /* AppDelegate.swift */; };
		87C544A326C3125A00B2DB81 /* SceneDelegate.swift in Sources */ = {isa = PBXBuildFile; fileRef = 87C544A226C3125A00B2DB81 /* SceneDelegate.swift */; };
		87C544A526C3125A00B2DB81 /* ViewController.swift in Sources */ = {isa = PBXBuildFile; fileRef = 87C544A426C3125A00B2DB81 /* ViewController.swift */; };
		87C544A826C3125A00B2DB81 /* Main.storyboard in Resources */ = {isa = PBXBuildFile; fileRef = 87C544A626C3125A00B2DB81 /* Main.storyboard */; };
		87C544AA26C3125F00B2DB81 /* Assets.xcassets in Resources */ = {isa = PBXBuildFile; fileRef = 87C544A926C3125F00B2DB81 /* Assets.xcassets */; };
		87C544AD26C3125F00B2DB81 /* LaunchScreen.storyboard in Resources */ = {isa = PBXBuildFile; fileRef = 87C544AB26C3125F00B2DB81 /* LaunchScreen.storyboard */; };
		87C544B526C31C5200B2DB81 /* CalculatorViewController.swift in Sources */ = {isa = PBXBuildFile; fileRef = 87C544B426C31C5200B2DB81 /* CalculatorViewController.swift */; };
/* End PBXBuildFile section */

/* Begin PBXFileReference section */
		87C5449D26C3125A00B2DB81 /* demo30minutes.app */ = {isa = PBXFileReference; explicitFileType = wrapper.application; includeInIndex = 0; path = demo30minutes.app; sourceTree = BUILT_PRODUCTS_DIR; };
		87C544A026C3125A00B2DB81 /* AppDelegate.swift */ = {isa = PBXFileReference; lastKnownFileType = sourcecode.swift; path = AppDelegate.swift; sourceTree = "<group>"; };
		87C544A226C3125A00B2DB81 /* SceneDelegate.swift */ = {isa = PBXFileReference; lastKnownFileType = sourcecode.swift; path = SceneDelegate.swift; sourceTree = "<group>"; };
		87C544A426C3125A00B2DB81 /* ViewController.swift */ = {isa = PBXFileReference; lastKnownFileType = sourcecode.swift; path = ViewController.swift; sourceTree = "<group>"; };
		87C544A726C3125A00B2DB81 /* Base */ = {isa = PBXFileReference; lastKnownFileType = file.storyboard; name = Base; path = Base.lproj/Main.storyboard; sourceTree = "<group>"; };
		87C544A926C3125F00B2DB81 /* Assets.xcassets */ = {isa = PBXFileReference; lastKnownFileType = folder.assetcatalog; path = Assets.xcassets; sourceTree = "<group>"; };
		87C544AC26C3125F00B2DB81 /* Base */ = {isa = PBXFileReference; lastKnownFileType = file.storyboard; name = Base; path = Base.lproj/LaunchScreen.storyboard; sourceTree = "<group>"; };
		87C544AE26C3125F00B2DB81 /* Info.plist */ = {isa = PBXFileReference; lastKnownFileType = text.plist.xml; path = Info.plist; sourceTree = "<group>"; };
		87C544B426C31C5200B2DB81 /* CalculatorViewController.swift */ = {isa = PBXFileReference; lastKnownFileType = sourcecode.swift; path = CalculatorViewController.swift; sourceTree = "<group>"; };
/* End PBXFileReference section */

/* Begin PBXFrameworksBuildPhase section */
		87C5449A26C3125A00B2DB81 /* Frameworks */ = {
			isa = PBXFrameworksBuildPhase;
			buildActionMask = 2147483647;
			files = (
			);
			runOnlyForDeploymentPostprocessing = 0;
		};
/* End PBXFrameworksBuildPhase section */

/* Begin PBXGroup section */
		87C5449426C3125A00B2DB81 = {
			isa = PBXGroup;
			children = (
				87C5449F26C3125A00B2DB81 /* demo30minutes */,
				87C5449E26C3125A00B2DB81 /* Products */,
			);
			sourceTree = "<group>";
		};
		87C5449E26C3125A00B2DB81 /* Products */ = {
			isa = PBXGroup;
			children = (
				87C5449D26C3125A00B2DB81 /* demo30minutes.app */,
			);
			name = Products;
			sourceTree = "<group>";
		};
		87C5449F26C3125A00B2DB81 /* demo30minutes */ = {
			isa = PBXGroup;
			children = (
				87C544A026C3125A00B2DB81 /* AppDelegate.swift */,
				87C544A226C3125A00B2DB81 /* SceneDelegate.swift */,
				87C544A426C3125A00B2DB81 /* ViewController.swift */,
				87C544A626C3125A00B2DB81 /* Main.storyboard */,
				87C544A926C3125F00B2DB81 /* Assets.xcassets */,
				87C544AB26C3125F00B2DB81 /* LaunchScreen.storyboard */,
				87C544AE26C3125F00B2DB81 /* Info.plist */,
				87C544B426C31C5200B2DB81 /* CalculatorViewController.swift */,
			);
			path = demo30minutes;
			sourceTree = "<group>";
		};
/* End PBXGroup section */

/* Begin PBXNativeTarget section */
		87C5449C26C3125A00B2DB81 /* demo30minutes */ = {
			isa = PBXNativeTarget;
			buildConfigurationList = 87C544B126C3125F00B2DB81 /* Build configuration list for PBXNativeTarget "demo30minutes" */;
			buildPhases = (
				87C5449926C3125A00B2DB81 /* Sources */,
				87C5449A26C3125A00B2DB81 /* Frameworks */,
				87C5449B26C3125A00B2DB81 /* Resources */,
			);
			buildRules = (
			);
			dependencies = (
			);
			name = demo30minutes;
			productName = demo30minutes;
			productReference = 87C5449D26C3125A00B2DB81 /* demo30minutes.app */;
			productType = "com.apple.product-type.application";
		};
/* End PBXNativeTarget section */

/* Begin PBXProject section */
		87C5449526C3125A00B2DB81 /* Project object */ = {
			isa = PBXProject;
			attributes = {
				LastSwiftUpdateCheck = 1250;
				LastUpgradeCheck = 1250;
				TargetAttributes = {
					87C5449C26C3125A00B2DB81 = {
						CreatedOnToolsVersion = 12.5.1;
					};
				};
			};
			buildConfigurationList = 87C5449826C3125A00B2DB81 /* Build configuration list for PBXProject "demo30minutes" */;
			compatibilityVersion = "Xcode 9.3";
			developmentRegion = en;
			hasScannedForEncodings = 0;
			knownRegions = (
				en,
				Base,
			);
			mainGroup = 87C5449426C3125A00B2DB81;
			productRefGroup = 87C5449E26C3125A00B2DB81 /* Products */;
			projectDirPath = "";
			projectRoot = "";
			targets = (
				87C5449C26C3125A00B2DB81 /* demo30minutes */,
			);
		};
/* End PBXProject section */

/* Begin PBXResourcesBuildPhase section */
		87C5449B26C3125A00B2DB81 /* Resources */ = {
			isa = PBXResourcesBuildPhase;
			buildActionMask = 2147483647;
			files = (
				87C544AD26C3125F00B2DB81 /* LaunchScreen.storyboard in Resources */,
				87C544AA26C3125F00B2DB81 /* Assets.xcassets in Resources */,
				87C544A826C3125A00B2DB81 /* Main.storyboard in Resources */,
			);
			runOnlyForDeploymentPostprocessing = 0;
		};
/* End PBXResourcesBuildPhase section */

/* Begin PBXSourcesBuildPhase section */
		87C5449926C3125A00B2DB81 /* Sources */ = {
			isa = PBXSourcesBuildPhase;
			buildActionMask = 2147483647;
			files = (
				87C544A526C3125A00B2DB81 /* ViewController.swift in Sources */,
				87C544A126C3125A00B2DB81 /* AppDelegate.swift in Sources */,
				87C544B526C31C5200B2DB81 /* CalculatorViewController.swift in Sources */,
				87C544A326C3125A00B2DB81 /* SceneDelegate.swift in Sources */,
			);
			runOnlyForDeploymentPostprocessing = 0;
		};
/* End PBXSourcesBuildPhase section */

/* Begin PBXVariantGroup section */
		87C544A626C3125A00B2DB81 /* Main.storyboard */ = {
			isa = PBXVariantGroup;
			children = (
				87C544A726C3125A00B2DB81 /* Base */,
			);
			name = Main.storyboard;
			sourceTree = "<group>";
		};
		87C544AB26C3125F00B2DB81 /* LaunchScreen.storyboard */ = {
			isa = PBXVariantGroup;
			children = (
				87C544AC26C3125F00B2DB81 /* Base */,
			);
			name = LaunchScreen.storyboard;
			sourceTree = "<group>";
		};
/* End PBXVariantGroup section */

/* Begin XCBuildConfiguration section */
		87C544AF26C3125F00B2DB81 /* Debug */ = {
			isa = XCBuildConfiguration;
			buildSettings = {
				ALWAYS_SEARCH_USER_PATHS = NO;
				CLANG_ANALYZER_NONNULL = YES;
				CLANG_ANALYZER_NUMBER_OBJECT_CONVERSION = YES_AGGRESSIVE;
				CLANG_CXX_LANGUAGE_STANDARD = "gnu++14";
				CLANG_CXX_LIBRARY = "libc++";
				CLANG_ENABLE_MODULES = YES;
				CLANG_ENABLE_OBJC_ARC = YES;
				CLANG_ENABLE_OBJC_WEAK = YES;
				CLANG_WARN_BLOCK_CAPTURE_AUTORELEASING = YES;
				CLANG_WARN_BOOL_CONVERSION = YES;
				CLANG_WARN_COMMA = YES;
				CLANG_WARN_CONSTANT_CONVERSION = YES;
				CLANG_WARN_DEPRECATED_OBJC_IMPLEMENTATIONS = YES;
				CLANG_WARN_DIRECT_OBJC_ISA_USAGE = YES_ERROR;
				CLANG_WARN_DOCUMENTATION_COMMENTS = YES;
				CLANG_WARN_EMPTY_BODY = YES;
				CLANG_WARN_ENUM_CONVERSION = YES;
				CLANG_WARN_INFINITE_RECURSION = YES;
				CLANG_WARN_INT_CONVERSION = YES;
				CLANG_WARN_NON_LITERAL_NULL_CONVERSION = YES;
				CLANG_WARN_OBJC_IMPLICIT_RETAIN_SELF = YES;
				CLANG_WARN_OBJC_LITERAL_CONVERSION = YES;
				CLANG_WARN_OBJC_ROOT_CLASS = YES_ERROR;
				CLANG_WARN_QUOTED_INCLUDE_IN_FRAMEWORK_HEADER = YES;
				CLANG_WARN_RANGE_LOOP_ANALYSIS = YES;
				CLANG_WARN_STRICT_PROTOTYPES = YES;
				CLANG_WARN_SUSPICIOUS_MOVE = YES;
				CLANG_WARN_UNGUARDED_AVAILABILITY = YES_AGGRESSIVE;
				CLANG_WARN_UNREACHABLE_CODE = YES;
				CLANG_WARN__DUPLICATE_METHOD_MATCH = YES;
				COPY_PHASE_STRIP = NO;
				DEBUG_INFORMATION_FORMAT = dwarf;
				ENABLE_STRICT_OBJC_MSGSEND = YES;
				ENABLE_TESTABILITY = YES;
				GCC_C_LANGUAGE_STANDARD = gnu11;
				GCC_DYNAMIC_NO_PIC = NO;
				GCC_NO_COMMON_BLOCKS = YES;
				GCC_OPTIMIZATION_LEVEL = 0;
				GCC_PREPROCESSOR_DEFINITIONS = (
					"DEBUG=1",
					"$(inherited)",
				);
				GCC_WARN_64_TO_32_BIT_CONVERSION = YES;
				GCC_WARN_ABOUT_RETURN_TYPE = YES_ERROR;
				GCC_WARN_UNDECLARED_SELECTOR = YES;
				GCC_WARN_UNINITIALIZED_AUTOS = YES_AGGRESSIVE;
				GCC_WARN_UNUSED_FUNCTION = YES;
				GCC_WARN_UNUSED_VARIABLE = YES;
				IPHONEOS_DEPLOYMENT_TARGET = 14.5;
				MTL_ENABLE_DEBUG_INFO = INCLUDE_SOURCE;
				MTL_FAST_MATH = YES;
				ONLY_ACTIVE_ARCH = YES;
				SDKROOT = iphoneos;
				SWIFT_ACTIVE_COMPILATION_CONDITIONS = DEBUG;
				SWIFT_OPTIMIZATION_LEVEL = "-Onone";
			};
			name = Debug;
		};
		87C544B026C3125F00B2DB81 /* Release */ = {
			isa = XCBuildConfiguration;
			buildSettings = {
				ALWAYS_SEARCH_USER_PATHS = NO;
				CLANG_ANALYZER_NONNULL = YES;
				CLANG_ANALYZER_NUMBER_OBJECT_CONVERSION = YES_AGGRESSIVE;
				CLANG_CXX_LANGUAGE_STANDARD = "gnu++14";
				CLANG_CXX_LIBRARY = "libc++";
				CLANG_ENABLE_MODULES = YES;
				CLANG_ENABLE_OBJC_ARC = YES;
				CLANG_ENABLE_OBJC_WEAK = YES;
				CLANG_WARN_BLOCK_CAPTURE_AUTORELEASING = YES;
				CLANG_WARN_BOOL_CONVERSION = YES;
				CLANG_WARN_COMMA = YES;
				CLANG_WARN_CONSTANT_CONVERSION = YES;
				CLANG_WARN_DEPRECATED_OBJC_IMPLEMENTATIONS = YES;
				CLANG_WARN_DIRECT_OBJC_ISA_USAGE = YES_ERROR;
				CLANG_WARN_DOCUMENTATION_COMMENTS = YES;
				CLANG_WARN_EMPTY_BODY = YES;
				CLANG_WARN_ENUM_CONVERSION = YES;
				CLANG_WARN_INFINITE_RECURSION = YES;
				CLANG_WARN_INT_CONVERSION = YES;
				CLANG_WARN_NON_LITERAL_NULL_CONVERSION = YES;
				CLANG_WARN_OBJC_IMPLICIT_RETAIN_SELF = YES;
				CLANG_WARN_OBJC_LITERAL_CONVERSION = YES;
				CLANG_WARN_OBJC_ROOT_CLASS = YES_ERROR;
				CLANG_WARN_QUOTED_INCLUDE_IN_FRAMEWORK_HEADER = YES;
				CLANG_WARN_RANGE_LOOP_ANALYSIS = YES;
				CLANG_WARN_STRICT_PROTOTYPES = YES;
				CLANG_WARN_SUSPICIOUS_MOVE = YES;
				CLANG_WARN_UNGUARDED_AVAILABILITY = YES_AGGRESSIVE;
				CLANG_WARN_UNREACHABLE_CODE = YES;
				CLANG_WARN__DUPLICATE_METHOD_MATCH = YES;
				COPY_PHASE_STRIP = NO;
				DEBUG_INFORMATION_FORMAT = "dwarf-with-dsym";
				ENABLE_NS_ASSERTIONS = NO;
				ENABLE_STRICT_OBJC_MSGSEND = YES;
				GCC_C_LANGUAGE_STANDARD = gnu11;
				GCC_NO_COMMON_BLOCKS = YES;
				GCC_WARN_64_TO_32_BIT_CONVERSION = YES;
				GCC_WARN_ABOUT_RETURN_TYPE = YES_ERROR;
				GCC_WARN_UNDECLARED_SELECTOR = YES;
				GCC_WARN_UNINITIALIZED_AUTOS = YES_AGGRESSIVE;
				GCC_WARN_UNUSED_FUNCTION = YES;
				GCC_WARN_UNUSED_VARIABLE = YES;
				IPHONEOS_DEPLOYMENT_TARGET = 14.5;
				MTL_ENABLE_DEBUG_INFO = NO;
				MTL_FAST_MATH = YES;
				SDKROOT = iphoneos;
				SWIFT_COMPILATION_MODE = wholemodule;
				SWIFT_OPTIMIZATION_LEVEL = "-O";
				VALIDATE_PRODUCT = YES;
			};
			name = Release;
		};
		87C544B226C3125F00B2DB81 /* Debug */ = {
			isa = XCBuildConfiguration;
			buildSettings = {
				ASSETCATALOG_COMPILER_APPICON_NAME = AppIcon;
				ASSETCATALOG_COMPILER_GLOBAL_ACCENT_COLOR_NAME = AccentColor;
				CODE_SIGN_STYLE = Automatic;
				DEVELOPMENT_TEAM = F35DKSPUZ5;
				INFOPLIST_FILE = demo30minutes/Info.plist;
				LD_RUNPATH_SEARCH_PATHS = (
					"$(inherited)",
					"@executable_path/Frameworks",
				);
				PRODUCT_BUNDLE_IDENTIFIER = com.deborahsuon.demo30minutes;
				PRODUCT_NAME = "$(TARGET_NAME)";
				SWIFT_VERSION = 5.0;
				TARGETED_DEVICE_FAMILY = "1,2";
			};
			name = Debug;
		};
		87C544B326C3125F00B2DB81 /* Release */ = {
			isa = XCBuildConfiguration;
			buildSettings = {
				ASSETCATALOG_COMPILER_APPICON_NAME = AppIcon;
				ASSETCATALOG_COMPILER_GLOBAL_ACCENT_COLOR_NAME = AccentColor;
				CODE_SIGN_STYLE = Automatic;
				DEVELOPMENT_TEAM = F35DKSPUZ5;
				INFOPLIST_FILE = demo30minutes/Info.plist;
				LD_RUNPATH_SEARCH_PATHS = (
					"$(inherited)",
					"@executable_path/Frameworks",
				);
				PRODUCT_BUNDLE_IDENTIFIER = com.deborahsuon.demo30minutes;
				PRODUCT_NAME = "$(TARGET_NAME)";
				SWIFT_VERSION = 5.0;
				TARGETED_DEVICE_FAMILY = "1,2";
			};
			name = Release;
		};
/* End XCBuildConfiguration section */

/* Begin XCConfigurationList section */
		87C5449826C3125A00B2DB81 /* Build configuration list for PBXProject "demo30minutes" */ = {
			isa = XCConfigurationList;
			buildConfigurations = (
				87C544AF26C3125F00B2DB81 /* Debug */,
				87C544B026C3125F00B2DB81 /* Release */,
			);
			defaultConfigurationIsVisible = 0;
			defaultConfigurationName = Release;
		};
		87C544B126C3125F00B2DB81 /* Build configuration list for PBXNativeTarget "demo30minutes" */ = {
			isa = XCConfigurationList;
			buildConfigurations = (
				87C544B226C3125F00B2DB81 /* Debug */,
				87C544B326C3125F00B2DB81 /* Release */,
			);
			defaultConfigurationIsVisible = 0;
			defaultConfigurationName = Release;
		};
/* End XCConfigurationList section */
	};
	rootObject = 87C5449526C3125A00B2DB81 /* Project object */;
}
